
Microsoft Visual Studio Solution File, Format Version 12.00
# Visual Studio 15
VisualStudioVersion = 15.0.28307.1972
MinimumVisualStudioVersion = 10.0.40219.1
Project("{FAE04EC0-301F-11D3-BF4B-00C04F79EFBC}") = "Blue.TextDataTable", "Blue.TextDataTable\Blue.TextDataTable.csproj", "{1098A553-D1D1-4A3A-BD45-FC66D90F5BD4}"
EndProject
Project("{FAE04EC0-301F-11D3-BF4B-00C04F79EFBC}") = "Blue.TextDataTable_TEST", "Blue.TextDataTable_TEST\Blue.TextDataTable_TEST.csproj", "{F576781F-79FB-479C-B066-654F91CD4758}"
EndProject
Global
	GlobalSection(SolutionConfigurationPlatforms) = preSolution
		Debug|Any CPU = Debug|Any CPU
		Release|Any CPU = Release|Any CPU
	EndGlobalSection
	GlobalSection(ProjectConfigurationPlatforms) = postSolution
		{1098A553-D1D1-4A3A-BD45-FC66D90F5BD4}.Debug|Any CPU.ActiveCfg = Debug|Any CPU
		{1098A553-D1D1-4A3A-BD45-FC66D90F5BD4}.Debug|Any CPU.Build.0 = Debug|Any CPU
		{1098A553-D1D1-4A3A-BD45-FC66D90F5BD4}.Release|Any CPU.ActiveCfg = Release|Any CPU
		{1098A553-D1D1-4A3A-BD45-FC66D90F5BD4}.Release|Any CPU.Build.0 = Release|Any CPU
		{F576781F-79FB-479C-B066-654F91CD4758}.Debug|Any CPU.ActiveCfg = Debug|Any CPU
		{F576781F-79FB-479C-B066-654F91CD4758}.Debug|Any CPU.Build.0 = Debug|Any CPU
		{F576781F-79FB-479C-B066-654F91CD4758}.Release|Any CPU.ActiveCfg = Release|Any CPU
		{F576781F-79FB-479C-B066-654F91CD4758}.Release|Any CPU.Build.0 = Release|Any CPU
	EndGlobalSection
	GlobalSection(SolutionProperties) = preSolution
		HideSolutionNode = FALSE
	EndGlobalSection
	GlobalSection(ExtensibilityGlobals) = postSolution
		SolutionGuid = {BEC4C3C3-B7CC-414F-ABFA-29FF82A09C05}
	EndGlobalSection
EndGlobal
